// !$*UTF8*$!
{
	archiveVersion = 1;
	classes = {
	};
	objectVersion = 56;
	objects = {

/* Begin PBXBuildFile section */
		5B3BA20A2A16AD4C00D1CF39 /* RickAndMortyApp.swift in Sources */ = {isa = PBXBuildFile; fileRef = 5B3BA2092A16AD4C00D1CF39 /* RickAndMortyApp.swift */; };
		5B3BA20C2A16AD4C00D1CF39 /* ContentView.swift in Sources */ = {isa = PBXBuildFile; fileRef = 5B3BA20B2A16AD4C00D1CF39 /* ContentView.swift */; };
		5B3BA20E2A16AD4F00D1CF39 /* Assets.xcassets in Resources */ = {isa = PBXBuildFile; fileRef = 5B3BA20D2A16AD4F00D1CF39 /* Assets.xcassets */; };
		5B3BA2112A16AD4F00D1CF39 /* Preview Assets.xcassets in Resources */ = {isa = PBXBuildFile; fileRef = 5B3BA2102A16AD4F00D1CF39 /* Preview Assets.xcassets */; };
		5B3BA2322A1B537E00D1CF39 /* CharacterViewModel.swift in Sources */ = {isa = PBXBuildFile; fileRef = 5B3BA2312A1B537E00D1CF39 /* CharacterViewModel.swift */; };
		5B3BA2382A1E379100D1CF39 /* DetailView.swift in Sources */ = {isa = PBXBuildFile; fileRef = 5B3BA2372A1E379100D1CF39 /* DetailView.swift */; };
		5B3BA2512A20ABEE00D1CF39 /* RickAndMorty_Tests.swift in Sources */ = {isa = PBXBuildFile; fileRef = 5B3BA2502A20ABEE00D1CF39 /* RickAndMorty_Tests.swift */; };
		5BAD726C2A3233E5006854D9 /* Character.swift in Sources */ = {isa = PBXBuildFile; fileRef = 5BAD726B2A3233E5006854D9 /* Character.swift */; };
		5BAD72702A32342D006854D9 /* Episode.swift in Sources */ = {isa = PBXBuildFile; fileRef = 5BAD726F2A32342D006854D9 /* Episode.swift */; };
		5BAD72762A3234D1006854D9 /* PageInfo.swift in Sources */ = {isa = PBXBuildFile; fileRef = 5BAD72752A3234D1006854D9 /* PageInfo.swift */; };
		5BAD72782A323510006854D9 /* ResponseData.swift in Sources */ = {isa = PBXBuildFile; fileRef = 5BAD72772A323510006854D9 /* ResponseData.swift */; };
		5BAD727C2A32357A006854D9 /* CharacterList.swift in Sources */ = {isa = PBXBuildFile; fileRef = 5BAD727B2A32357A006854D9 /* CharacterList.swift */; };
		5BAD727F2A32370C006854D9 /* URLSessionNetworking.swift in Sources */ = {isa = PBXBuildFile; fileRef = 5BAD727E2A32370C006854D9 /* URLSessionNetworking.swift */; };
		5BAD72822A323C23006854D9 /* FilterPicker.swift in Sources */ = {isa = PBXBuildFile; fileRef = 5BAD72812A323C23006854D9 /* FilterPicker.swift */; };
		5BAD72842A3269C7006854D9 /* CharactersListView.swift in Sources */ = {isa = PBXBuildFile; fileRef = 5BAD72832A3269C7006854D9 /* CharactersListView.swift */; };
		5BAD72862A3271BA006854D9 /* TopBarSearch.swift in Sources */ = {isa = PBXBuildFile; fileRef = 5BAD72852A3271BA006854D9 /* TopBarSearch.swift */; };
		5BAD72882A32724C006854D9 /* NoData.swift in Sources */ = {isa = PBXBuildFile; fileRef = 5BAD72872A32724C006854D9 /* NoData.swift */; };
		5BAD728A2A327436006854D9 /* CharacterViewModelProtocol.swift in Sources */ = {isa = PBXBuildFile; fileRef = 5BAD72892A327436006854D9 /* CharacterViewModelProtocol.swift */; };
		5BAD728C2A32789D006854D9 /* Coordinator.swift in Sources */ = {isa = PBXBuildFile; fileRef = 5BAD728B2A32789D006854D9 /* Coordinator.swift */; };
		5BAD728E2A327996006854D9 /* SceneDelegate.swift in Sources */ = {isa = PBXBuildFile; fileRef = 5BAD728D2A327996006854D9 /* SceneDelegate.swift */; };
/* End PBXBuildFile section */

/* Begin PBXContainerItemProxy section */
		5B3BA2522A20ABEE00D1CF39 /* PBXContainerItemProxy */ = {
			isa = PBXContainerItemProxy;
			containerPortal = 5B3BA1FE2A16AD4C00D1CF39 /* Project object */;
			proxyType = 1;
			remoteGlobalIDString = 5B3BA2052A16AD4C00D1CF39;
			remoteInfo = RickAndMorty;
		};
/* End PBXContainerItemProxy section */

/* Begin PBXFileReference section */
		5B3BA2062A16AD4C00D1CF39 /* RickAndMorty.app */ = {isa = PBXFileReference; explicitFileType = wrapper.application; includeInIndex = 0; path = RickAndMorty.app; sourceTree = BUILT_PRODUCTS_DIR; };
		5B3BA2092A16AD4C00D1CF39 /* RickAndMortyApp.swift */ = {isa = PBXFileReference; lastKnownFileType = sourcecode.swift; path = RickAndMortyApp.swift; sourceTree = "<group>"; };
		5B3BA20B2A16AD4C00D1CF39 /* ContentView.swift */ = {isa = PBXFileReference; lastKnownFileType = sourcecode.swift; path = ContentView.swift; sourceTree = "<group>"; };
		5B3BA20D2A16AD4F00D1CF39 /* Assets.xcassets */ = {isa = PBXFileReference; lastKnownFileType = folder.assetcatalog; path = Assets.xcassets; sourceTree = "<group>"; };
		5B3BA2102A16AD4F00D1CF39 /* Preview Assets.xcassets */ = {isa = PBXFileReference; lastKnownFileType = folder.assetcatalog; path = "Preview Assets.xcassets"; sourceTree = "<group>"; };
		5B3BA2312A1B537E00D1CF39 /* CharacterViewModel.swift */ = {isa = PBXFileReference; lastKnownFileType = sourcecode.swift; path = CharacterViewModel.swift; sourceTree = "<group>"; };
		5B3BA2372A1E379100D1CF39 /* DetailView.swift */ = {isa = PBXFileReference; lastKnownFileType = sourcecode.swift; path = DetailView.swift; sourceTree = "<group>"; };
		5B3BA24E2A20ABEE00D1CF39 /* RickAndMorty_Tests.xctest */ = {isa = PBXFileReference; explicitFileType = wrapper.cfbundle; includeInIndex = 0; path = RickAndMorty_Tests.xctest; sourceTree = BUILT_PRODUCTS_DIR; };
		5B3BA2502A20ABEE00D1CF39 /* RickAndMorty_Tests.swift */ = {isa = PBXFileReference; lastKnownFileType = sourcecode.swift; path = RickAndMorty_Tests.swift; sourceTree = "<group>"; };
		5BAD726B2A3233E5006854D9 /* Character.swift */ = {isa = PBXFileReference; lastKnownFileType = sourcecode.swift; path = Character.swift; sourceTree = "<group>"; };
		5BAD726F2A32342D006854D9 /* Episode.swift */ = {isa = PBXFileReference; lastKnownFileType = sourcecode.swift; path = Episode.swift; sourceTree = "<group>"; };
		5BAD72752A3234D1006854D9 /* PageInfo.swift */ = {isa = PBXFileReference; lastKnownFileType = sourcecode.swift; path = PageInfo.swift; sourceTree = "<group>"; };
		5BAD72772A323510006854D9 /* ResponseData.swift */ = {isa = PBXFileReference; lastKnownFileType = sourcecode.swift; path = ResponseData.swift; sourceTree = "<group>"; };
		5BAD727B2A32357A006854D9 /* CharacterList.swift */ = {isa = PBXFileReference; lastKnownFileType = sourcecode.swift; path = CharacterList.swift; sourceTree = "<group>"; };
		5BAD727E2A32370C006854D9 /* URLSessionNetworking.swift */ = {isa = PBXFileReference; lastKnownFileType = sourcecode.swift; path = URLSessionNetworking.swift; sourceTree = "<group>"; };
		5BAD72812A323C23006854D9 /* FilterPicker.swift */ = {isa = PBXFileReference; lastKnownFileType = sourcecode.swift; path = FilterPicker.swift; sourceTree = "<group>"; };
		5BAD72832A3269C7006854D9 /* CharactersListView.swift */ = {isa = PBXFileReference; lastKnownFileType = sourcecode.swift; path = CharactersListView.swift; sourceTree = "<group>"; };
		5BAD72852A3271BA006854D9 /* TopBarSearch.swift */ = {isa = PBXFileReference; lastKnownFileType = sourcecode.swift; path = TopBarSearch.swift; sourceTree = "<group>"; };
		5BAD72872A32724C006854D9 /* NoData.swift */ = {isa = PBXFileReference; lastKnownFileType = sourcecode.swift; path = NoData.swift; sourceTree = "<group>"; };
		5BAD72892A327436006854D9 /* CharacterViewModelProtocol.swift */ = {isa = PBXFileReference; lastKnownFileType = sourcecode.swift; path = CharacterViewModelProtocol.swift; sourceTree = "<group>"; };
		5BAD728B2A32789D006854D9 /* Coordinator.swift */ = {isa = PBXFileReference; lastKnownFileType = sourcecode.swift; path = Coordinator.swift; sourceTree = "<group>"; };
		5BAD728D2A327996006854D9 /* SceneDelegate.swift */ = {isa = PBXFileReference; lastKnownFileType = sourcecode.swift; path = SceneDelegate.swift; sourceTree = "<group>"; };
/* End PBXFileReference section */

/* Begin PBXFrameworksBuildPhase section */
		5B3BA2032A16AD4C00D1CF39 /* Frameworks */ = {
			isa = PBXFrameworksBuildPhase;
			buildActionMask = 2147483647;
			files = (
			);
			runOnlyForDeploymentPostprocessing = 0;
		};
		5B3BA24B2A20ABEE00D1CF39 /* Frameworks */ = {
			isa = PBXFrameworksBuildPhase;
			buildActionMask = 2147483647;
			files = (
			);
			runOnlyForDeploymentPostprocessing = 0;
		};
/* End PBXFrameworksBuildPhase section */

/* Begin PBXGroup section */
		5B3BA1FD2A16AD4C00D1CF39 = {
			isa = PBXGroup;
			children = (
				5B3BA2082A16AD4C00D1CF39 /* RickAndMorty */,
				5B3BA24F2A20ABEE00D1CF39 /* RickAndMorty_Tests */,
				5B3BA2072A16AD4C00D1CF39 /* Products */,
			);
			sourceTree = "<group>";
		};
		5B3BA2072A16AD4C00D1CF39 /* Products */ = {
			isa = PBXGroup;
			children = (
				5B3BA2062A16AD4C00D1CF39 /* RickAndMorty.app */,
				5B3BA24E2A20ABEE00D1CF39 /* RickAndMorty_Tests.xctest */,
			);
			name = Products;
			sourceTree = "<group>";
		};
		5B3BA2082A16AD4C00D1CF39 /* RickAndMorty */ = {
			isa = PBXGroup;
			children = (
				5BAD72802A323B8E006854D9 /* Components */,
				5BAD727D2A3236F6006854D9 /* Networking */,
				5BAD726A2A32339A006854D9 /* DataObject */,
				5B3BA2312A1B537E00D1CF39 /* CharacterViewModel.swift */,
				5BAD728D2A327996006854D9 /* SceneDelegate.swift */,
				5B3BA2092A16AD4C00D1CF39 /* RickAndMortyApp.swift */,
				5B3BA20B2A16AD4C00D1CF39 /* ContentView.swift */,
				5B3BA2372A1E379100D1CF39 /* DetailView.swift */,
				5BAD728B2A32789D006854D9 /* Coordinator.swift */,
				5BAD72832A3269C7006854D9 /* CharactersListView.swift */,
				5B3BA20D2A16AD4F00D1CF39 /* Assets.xcassets */,
				5B3BA20F2A16AD4F00D1CF39 /* Preview Content */,
			);
			path = RickAndMorty;
			sourceTree = "<group>";
		};
		5B3BA20F2A16AD4F00D1CF39 /* Preview Content */ = {
			isa = PBXGroup;
			children = (
				5B3BA2102A16AD4F00D1CF39 /* Preview Assets.xcassets */,
			);
			path = "Preview Content";
			sourceTree = "<group>";
		};
		5B3BA24F2A20ABEE00D1CF39 /* RickAndMorty_Tests */ = {
			isa = PBXGroup;
			children = (
				5B3BA2502A20ABEE00D1CF39 /* RickAndMorty_Tests.swift */,
			);
			path = RickAndMorty_Tests;
			sourceTree = "<group>";
		};
		5BAD726A2A32339A006854D9 /* DataObject */ = {
			isa = PBXGroup;
			children = (
				5BAD726B2A3233E5006854D9 /* Character.swift */,
				5BAD726F2A32342D006854D9 /* Episode.swift */,
				5BAD72752A3234D1006854D9 /* PageInfo.swift */,
				5BAD72772A323510006854D9 /* ResponseData.swift */,
				5BAD727B2A32357A006854D9 /* CharacterList.swift */,
				5BAD72892A327436006854D9 /* CharacterViewModelProtocol.swift */,
			);
			path = DataObject;
			sourceTree = "<group>";
		};
		5BAD727D2A3236F6006854D9 /* Networking */ = {
			isa = PBXGroup;
			children = (
				5BAD727E2A32370C006854D9 /* URLSessionNetworking.swift */,
			);
			path = Networking;
			sourceTree = "<group>";
		};
		5BAD72802A323B8E006854D9 /* Components */ = {
			isa = PBXGroup;
			children = (
				5BAD72812A323C23006854D9 /* FilterPicker.swift */,
				5BAD72852A3271BA006854D9 /* TopBarSearch.swift */,
				5BAD72872A32724C006854D9 /* NoData.swift */,
			);
			path = Components;
			sourceTree = "<group>";
		};
/* End PBXGroup section */

/* Begin PBXNativeTarget section */
		5B3BA2052A16AD4C00D1CF39 /* RickAndMorty */ = {
			isa = PBXNativeTarget;
			buildConfigurationList = 5B3BA2142A16AD4F00D1CF39 /* Build configuration list for PBXNativeTarget "RickAndMorty" */;
			buildPhases = (
				5B3BA2022A16AD4C00D1CF39 /* Sources */,
				5B3BA2032A16AD4C00D1CF39 /* Frameworks */,
				5B3BA2042A16AD4C00D1CF39 /* Resources */,
			);
			buildRules = (
			);
			dependencies = (
			);
			name = RickAndMorty;
			productName = RickAndMorty;
			productReference = 5B3BA2062A16AD4C00D1CF39 /* RickAndMorty.app */;
			productType = "com.apple.product-type.application";
		};
		5B3BA24D2A20ABEE00D1CF39 /* RickAndMorty_Tests */ = {
			isa = PBXNativeTarget;
			buildConfigurationList = 5B3BA2562A20ABEE00D1CF39 /* Build configuration list for PBXNativeTarget "RickAndMorty_Tests" */;
			buildPhases = (
				5B3BA24A2A20ABEE00D1CF39 /* Sources */,
				5B3BA24B2A20ABEE00D1CF39 /* Frameworks */,
				5B3BA24C2A20ABEE00D1CF39 /* Resources */,
			);
			buildRules = (
			);
			dependencies = (
				5B3BA2532A20ABEE00D1CF39 /* PBXTargetDependency */,
			);
			name = RickAndMorty_Tests;
			productName = RickAndMorty_Tests;
			productReference = 5B3BA24E2A20ABEE00D1CF39 /* RickAndMorty_Tests.xctest */;
			productType = "com.apple.product-type.bundle.unit-test";
		};
/* End PBXNativeTarget section */

/* Begin PBXProject section */
		5B3BA1FE2A16AD4C00D1CF39 /* Project object */ = {
			isa = PBXProject;
			attributes = {
				BuildIndependentTargetsInParallel = 1;
				LastSwiftUpdateCheck = 1430;
				LastUpgradeCheck = 1430;
				TargetAttributes = {
					5B3BA2052A16AD4C00D1CF39 = {
						CreatedOnToolsVersion = 14.3;
					};
					5B3BA24D2A20ABEE00D1CF39 = {
						CreatedOnToolsVersion = 14.3;
						TestTargetID = 5B3BA2052A16AD4C00D1CF39;
					};
				};
			};
			buildConfigurationList = 5B3BA2012A16AD4C00D1CF39 /* Build configuration list for PBXProject "RickAndMorty" */;
			compatibilityVersion = "Xcode 14.0";
			developmentRegion = en;
			hasScannedForEncodings = 0;
			knownRegions = (
				en,
				Base,
			);
			mainGroup = 5B3BA1FD2A16AD4C00D1CF39;
			productRefGroup = 5B3BA2072A16AD4C00D1CF39 /* Products */;
			projectDirPath = "";
			projectRoot = "";
			targets = (
				5B3BA2052A16AD4C00D1CF39 /* RickAndMorty */,
				5B3BA24D2A20ABEE00D1CF39 /* RickAndMorty_Tests */,
			);
		};
/* End PBXProject section */

/* Begin PBXResourcesBuildPhase section */
		5B3BA2042A16AD4C00D1CF39 /* Resources */ = {
			isa = PBXResourcesBuildPhase;
			buildActionMask = 2147483647;
			files = (
				5B3BA2112A16AD4F00D1CF39 /* Preview Assets.xcassets in Resources */,
				5B3BA20E2A16AD4F00D1CF39 /* Assets.xcassets in Resources */,
			);
			runOnlyForDeploymentPostprocessing = 0;
		};
		5B3BA24C2A20ABEE00D1CF39 /* Resources */ = {
			isa = PBXResourcesBuildPhase;
			buildActionMask = 2147483647;
			files = (
			);
			runOnlyForDeploymentPostprocessing = 0;
		};
/* End PBXResourcesBuildPhase section */

/* Begin PBXSourcesBuildPhase section */
		5B3BA2022A16AD4C00D1CF39 /* Sources */ = {
			isa = PBXSourcesBuildPhase;
			buildActionMask = 2147483647;
			files = (
				5BAD728C2A32789D006854D9 /* Coordinator.swift in Sources */,
				5BAD727F2A32370C006854D9 /* URLSessionNetworking.swift in Sources */,
				5BAD728A2A327436006854D9 /* CharacterViewModelProtocol.swift in Sources */,
				5B3BA20C2A16AD4C00D1CF39 /* ContentView.swift in Sources */,
				5BAD72862A3271BA006854D9 /* TopBarSearch.swift in Sources */,
				5BAD72842A3269C7006854D9 /* CharactersListView.swift in Sources */,
				5BAD727C2A32357A006854D9 /* CharacterList.swift in Sources */,
				5BAD728E2A327996006854D9 /* SceneDelegate.swift in Sources */,
				5BAD72762A3234D1006854D9 /* PageInfo.swift in Sources */,
				5BAD72882A32724C006854D9 /* NoData.swift in Sources */,
				5B3BA2382A1E379100D1CF39 /* DetailView.swift in Sources */,
				5BAD72782A323510006854D9 /* ResponseData.swift in Sources */,
				5BAD72702A32342D006854D9 /* Episode.swift in Sources */,
				5BAD726C2A3233E5006854D9 /* Character.swift in Sources */,
				5B3BA2322A1B537E00D1CF39 /* CharacterViewModel.swift in Sources */,
				5BAD72822A323C23006854D9 /* FilterPicker.swift in Sources */,
				5B3BA20A2A16AD4C00D1CF39 /* RickAndMortyApp.swift in Sources */,
			);
			runOnlyForDeploymentPostprocessing = 0;
		};
		5B3BA24A2A20ABEE00D1CF39 /* Sources */ = {
			isa = PBXSourcesBuildPhase;
			buildActionMask = 2147483647;
			files = (
				5B3BA2512A20ABEE00D1CF39 /* RickAndMorty_Tests.swift in Sources */,
			);
			runOnlyForDeploymentPostprocessing = 0;
		};
/* End PBXSourcesBuildPhase section */

/* Begin PBXTargetDependency section */
		5B3BA2532A20ABEE00D1CF39 /* PBXTargetDependency */ = {
			isa = PBXTargetDependency;
			target = 5B3BA2052A16AD4C00D1CF39 /* RickAndMorty */;
			targetProxy = 5B3BA2522A20ABEE00D1CF39 /* PBXContainerItemProxy */;
		};
/* End PBXTargetDependency section */

/* Begin XCBuildConfiguration section */
		5B3BA2122A16AD4F00D1CF39 /* Debug */ = {
			isa = XCBuildConfiguration;
			buildSettings = {
				ALWAYS_SEARCH_USER_PATHS = NO;
				CLANG_ANALYZER_NONNULL = YES;
				CLANG_ANALYZER_NUMBER_OBJECT_CONVERSION = YES_AGGRESSIVE;
				CLANG_CXX_LANGUAGE_STANDARD = "gnu++20";
				CLANG_ENABLE_MODULES = YES;
				CLANG_ENABLE_OBJC_ARC = YES;
				CLANG_ENABLE_OBJC_WEAK = YES;
				CLANG_WARN_BLOCK_CAPTURE_AUTORELEASING = YES;
				CLANG_WARN_BOOL_CONVERSION = YES;
				CLANG_WARN_COMMA = YES;
				CLANG_WARN_CONSTANT_CONVERSION = YES;
				CLANG_WARN_DEPRECATED_OBJC_IMPLEMENTATIONS = YES;
				CLANG_WARN_DIRECT_OBJC_ISA_USAGE = YES_ERROR;
				CLANG_WARN_DOCUMENTATION_COMMENTS = YES;
				CLANG_WARN_EMPTY_BODY = YES;
				CLANG_WARN_ENUM_CONVERSION = YES;
				CLANG_WARN_INFINITE_RECURSION = YES;
				CLANG_WARN_INT_CONVERSION = YES;
				CLANG_WARN_NON_LITERAL_NULL_CONVERSION = YES;
				CLANG_WARN_OBJC_IMPLICIT_RETAIN_SELF = YES;
				CLANG_WARN_OBJC_LITERAL_CONVERSION = YES;
				CLANG_WARN_OBJC_ROOT_CLASS = YES_ERROR;
				CLANG_WARN_QUOTED_INCLUDE_IN_FRAMEWORK_HEADER = YES;
				CLANG_WARN_RANGE_LOOP_ANALYSIS = YES;
				CLANG_WARN_STRICT_PROTOTYPES = YES;
				CLANG_WARN_SUSPICIOUS_MOVE = YES;
				CLANG_WARN_UNGUARDED_AVAILABILITY = YES_AGGRESSIVE;
				CLANG_WARN_UNREACHABLE_CODE = YES;
				CLANG_WARN__DUPLICATE_METHOD_MATCH = YES;
				COPY_PHASE_STRIP = NO;
				DEBUG_INFORMATION_FORMAT = dwarf;
				ENABLE_STRICT_OBJC_MSGSEND = YES;
				ENABLE_TESTABILITY = YES;
				GCC_C_LANGUAGE_STANDARD = gnu11;
				GCC_DYNAMIC_NO_PIC = NO;
				GCC_NO_COMMON_BLOCKS = YES;
				GCC_OPTIMIZATION_LEVEL = 0;
				GCC_PREPROCESSOR_DEFINITIONS = (
					"DEBUG=1",
					"$(inherited)",
				);
				GCC_WARN_64_TO_32_BIT_CONVERSION = YES;
				GCC_WARN_ABOUT_RETURN_TYPE = YES_ERROR;
				GCC_WARN_UNDECLARED_SELECTOR = YES;
				GCC_WARN_UNINITIALIZED_AUTOS = YES_AGGRESSIVE;
				GCC_WARN_UNUSED_FUNCTION = YES;
				GCC_WARN_UNUSED_VARIABLE = YES;
				IPHONEOS_DEPLOYMENT_TARGET = 16.4;
				MTL_ENABLE_DEBUG_INFO = INCLUDE_SOURCE;
				MTL_FAST_MATH = YES;
				ONLY_ACTIVE_ARCH = YES;
				SDKROOT = iphoneos;
				SWIFT_ACTIVE_COMPILATION_CONDITIONS = DEBUG;
				SWIFT_OPTIMIZATION_LEVEL = "-Onone";
			};
			name = Debug;
		};
		5B3BA2132A16AD4F00D1CF39 /* Release */ = {
			isa = XCBuildConfiguration;
			buildSettings = {
				ALWAYS_SEARCH_USER_PATHS = NO;
				CLANG_ANALYZER_NONNULL = YES;
				CLANG_ANALYZER_NUMBER_OBJECT_CONVERSION = YES_AGGRESSIVE;
				CLANG_CXX_LANGUAGE_STANDARD = "gnu++20";
				CLANG_ENABLE_MODULES = YES;
				CLANG_ENABLE_OBJC_ARC = YES;
				CLANG_ENABLE_OBJC_WEAK = YES;
				CLANG_WARN_BLOCK_CAPTURE_AUTORELEASING = YES;
				CLANG_WARN_BOOL_CONVERSION = YES;
				CLANG_WARN_COMMA = YES;
				CLANG_WARN_CONSTANT_CONVERSION = YES;
				CLANG_WARN_DEPRECATED_OBJC_IMPLEMENTATIONS = YES;
				CLANG_WARN_DIRECT_OBJC_ISA_USAGE = YES_ERROR;
				CLANG_WARN_DOCUMENTATION_COMMENTS = YES;
				CLANG_WARN_EMPTY_BODY = YES;
				CLANG_WARN_ENUM_CONVERSION = YES;
				CLANG_WARN_INFINITE_RECURSION = YES;
				CLANG_WARN_INT_CONVERSION = YES;
				CLANG_WARN_NON_LITERAL_NULL_CONVERSION = YES;
				CLANG_WARN_OBJC_IMPLICIT_RETAIN_SELF = YES;
				CLANG_WARN_OBJC_LITERAL_CONVERSION = YES;
				CLANG_WARN_OBJC_ROOT_CLASS = YES_ERROR;
				CLANG_WARN_QUOTED_INCLUDE_IN_FRAMEWORK_HEADER = YES;
				CLANG_WARN_RANGE_LOOP_ANALYSIS = YES;
				CLANG_WARN_STRICT_PROTOTYPES = YES;
				CLANG_WARN_SUSPICIOUS_MOVE = YES;
				CLANG_WARN_UNGUARDED_AVAILABILITY = YES_AGGRESSIVE;
				CLANG_WARN_UNREACHABLE_CODE = YES;
				CLANG_WARN__DUPLICATE_METHOD_MATCH = YES;
				COPY_PHASE_STRIP = NO;
				DEBUG_INFORMATION_FORMAT = "dwarf-with-dsym";
				ENABLE_NS_ASSERTIONS = NO;
				ENABLE_STRICT_OBJC_MSGSEND = YES;
				GCC_C_LANGUAGE_STANDARD = gnu11;
				GCC_NO_COMMON_BLOCKS = YES;
				GCC_WARN_64_TO_32_BIT_CONVERSION = YES;
				GCC_WARN_ABOUT_RETURN_TYPE = YES_ERROR;
				GCC_WARN_UNDECLARED_SELECTOR = YES;
				GCC_WARN_UNINITIALIZED_AUTOS = YES_AGGRESSIVE;
				GCC_WARN_UNUSED_FUNCTION = YES;
				GCC_WARN_UNUSED_VARIABLE = YES;
				IPHONEOS_DEPLOYMENT_TARGET = 16.4;
				MTL_ENABLE_DEBUG_INFO = NO;
				MTL_FAST_MATH = YES;
				SDKROOT = iphoneos;
				SWIFT_COMPILATION_MODE = wholemodule;
				SWIFT_OPTIMIZATION_LEVEL = "-O";
				VALIDATE_PRODUCT = YES;
			};
			name = Release;
		};
		5B3BA2152A16AD4F00D1CF39 /* Debug */ = {
			isa = XCBuildConfiguration;
			buildSettings = {
				ASSETCATALOG_COMPILER_APPICON_NAME = AppIcon;
				ASSETCATALOG_COMPILER_GLOBAL_ACCENT_COLOR_NAME = AccentColor;
				CODE_SIGN_STYLE = Automatic;
				CURRENT_PROJECT_VERSION = 1;
				DEVELOPMENT_ASSET_PATHS = "\"RickAndMorty/Preview Content\"";
				ENABLE_PREVIEWS = YES;
				GENERATE_INFOPLIST_FILE = YES;
				INFOPLIST_KEY_UIApplicationSceneManifest_Generation = YES;
				INFOPLIST_KEY_UIApplicationSupportsIndirectInputEvents = YES;
				INFOPLIST_KEY_UILaunchScreen_Generation = YES;
				INFOPLIST_KEY_UISupportedInterfaceOrientations_iPad = "UIInterfaceOrientationPortrait UIInterfaceOrientationPortraitUpsideDown UIInterfaceOrientationLandscapeLeft UIInterfaceOrientationLandscapeRight";
				INFOPLIST_KEY_UISupportedInterfaceOrientations_iPhone = "UIInterfaceOrientationPortrait UIInterfaceOrientationLandscapeLeft UIInterfaceOrientationLandscapeRight";
				LD_RUNPATH_SEARCH_PATHS = (
					"$(inherited)",
					"@executable_path/Frameworks",
				);
				MARKETING_VERSION = 1.0;
				PRODUCT_BUNDLE_IDENTIFIER = me.RickAndMorty;
				PRODUCT_NAME = "$(TARGET_NAME)";
				SWIFT_EMIT_LOC_STRINGS = YES;
				SWIFT_VERSION = 5.0;
				TARGETED_DEVICE_FAMILY = "1,2";
			};
			name = Debug;
		};
		5B3BA2162A16AD4F00D1CF39 /* Release */ = {
			isa = XCBuildConfiguration;
			buildSettings = {
				ASSETCATALOG_COMPILER_APPICON_NAME = AppIcon;
				ASSETCATALOG_COMPILER_GLOBAL_ACCENT_COLOR_NAME = AccentColor;
				CODE_SIGN_STYLE = Automatic;
				CURRENT_PROJECT_VERSION = 1;
				DEVELOPMENT_ASSET_PATHS = "\"RickAndMorty/Preview Content\"";
				ENABLE_PREVIEWS = YES;
				GENERATE_INFOPLIST_FILE = YES;
				INFOPLIST_KEY_UIApplicationSceneManifest_Generation = YES;
				INFOPLIST_KEY_UIApplicationSupportsIndirectInputEvents = YES;
				INFOPLIST_KEY_UILaunchScreen_Generation = YES;
				INFOPLIST_KEY_UISupportedInterfaceOrientations_iPad = "UIInterfaceOrientationPortrait UIInterfaceOrientationPortraitUpsideDown UIInterfaceOrientationLandscapeLeft UIInterfaceOrientationLandscapeRight";
				INFOPLIST_KEY_UISupportedInterfaceOrientations_iPhone = "UIInterfaceOrientationPortrait UIInterfaceOrientationLandscapeLeft UIInterfaceOrientationLandscapeRight";
				LD_RUNPATH_SEARCH_PATHS = (
					"$(inherited)",
					"@executable_path/Frameworks",
				);
				MARKETING_VERSION = 1.0;
				PRODUCT_BUNDLE_IDENTIFIER = me.RickAndMorty;
				PRODUCT_NAME = "$(TARGET_NAME)";
				SWIFT_EMIT_LOC_STRINGS = YES;
				SWIFT_VERSION = 5.0;
				TARGETED_DEVICE_FAMILY = "1,2";
			};
			name = Release;
		};
		5B3BA2542A20ABEE00D1CF39 /* Debug */ = {
			isa = XCBuildConfiguration;
			buildSettings = {
				BUNDLE_LOADER = "$(TEST_HOST)";
				CODE_SIGN_STYLE = Automatic;
				CURRENT_PROJECT_VERSION = 1;
				GENERATE_INFOPLIST_FILE = YES;
				MARKETING_VERSION = 1.0;
				PRODUCT_BUNDLE_IDENTIFIER = "me.RickAndMorty-Tests";
				PRODUCT_NAME = "$(TARGET_NAME)";
				SWIFT_EMIT_LOC_STRINGS = NO;
				SWIFT_VERSION = 5.0;
				TARGETED_DEVICE_FAMILY = "1,2";
				TEST_HOST = "$(BUILT_PRODUCTS_DIR)/RickAndMorty.app/$(BUNDLE_EXECUTABLE_FOLDER_PATH)/RickAndMorty";
			};
			name = Debug;
		};
		5B3BA2552A20ABEE00D1CF39 /* Release */ = {
			isa = XCBuildConfiguration;
			buildSettings = {
				BUNDLE_LOADER = "$(TEST_HOST)";
				CODE_SIGN_STYLE = Automatic;
				CURRENT_PROJECT_VERSION = 1;
				GENERATE_INFOPLIST_FILE = YES;
				MARKETING_VERSION = 1.0;
				PRODUCT_BUNDLE_IDENTIFIER = "me.RickAndMorty-Tests";
				PRODUCT_NAME = "$(TARGET_NAME)";
				SWIFT_EMIT_LOC_STRINGS = NO;
				SWIFT_VERSION = 5.0;
				TARGETED_DEVICE_FAMILY = "1,2";
				TEST_HOST = "$(BUILT_PRODUCTS_DIR)/RickAndMorty.app/$(BUNDLE_EXECUTABLE_FOLDER_PATH)/RickAndMorty";
			};
			name = Release;
		};
/* End XCBuildConfiguration section */

/* Begin XCConfigurationList section */
		5B3BA2012A16AD4C00D1CF39 /* Build configuration list for PBXProject "RickAndMorty" */ = {
			isa = XCConfigurationList;
			buildConfigurations = (
				5B3BA2122A16AD4F00D1CF39 /* Debug */,
				5B3BA2132A16AD4F00D1CF39 /* Release */,
			);
			defaultConfigurationIsVisible = 0;
			defaultConfigurationName = Release;
		};
		5B3BA2142A16AD4F00D1CF39 /* Build configuration list for PBXNativeTarget "RickAndMorty" */ = {
			isa = XCConfigurationList;
			buildConfigurations = (
				5B3BA2152A16AD4F00D1CF39 /* Debug */,
				5B3BA2162A16AD4F00D1CF39 /* Release */,
			);
			defaultConfigurationIsVisible = 0;
			defaultConfigurationName = Release;
		};
		5B3BA2562A20ABEE00D1CF39 /* Build configuration list for PBXNativeTarget "RickAndMorty_Tests" */ = {
			isa = XCConfigurationList;
			buildConfigurations = (
				5B3BA2542A20ABEE00D1CF39 /* Debug */,
				5B3BA2552A20ABEE00D1CF39 /* Release */,
			);
			defaultConfigurationIsVisible = 0;
			defaultConfigurationName = Release;
		};
/* End XCConfigurationList section */
	};
	rootObject = 5B3BA1FE2A16AD4C00D1CF39 /* Project object */;
}
